{
  "version": "4",
  "specifiers": {
    "jsr:@oak/commons@*": "1.0.0",
    "jsr:@oak/commons@1": "1.0.0",
    "jsr:@oak/oak@*": "17.1.3",
    "jsr:@oak/oak@^17.1.3": "17.1.3",
    "jsr:@openai/openai@*": "4.71.1",
    "jsr:@std/assert@1": "1.0.7",
    "jsr:@std/bytes@1": "1.0.3",
    "jsr:@std/bytes@^1.0.2": "1.0.3",
    "jsr:@std/crypto@1": "1.0.3",
    "jsr:@std/crypto@^1.0.3": "1.0.3",
    "jsr:@std/encoding@1": "1.0.5",
    "jsr:@std/encoding@^1.0.5": "1.0.5",
    "jsr:@std/http@1": "1.0.9",
    "jsr:@std/internal@^1.0.5": "1.0.5",
    "jsr:@std/io@0.224": "0.224.9",
    "jsr:@std/media-types@1": "1.0.3",
    "jsr:@std/path@1": "1.0.8",
    "jsr:@std/uuid@*": "1.0.4",
    "npm:@atcute/bluesky@^1.0.8": "1.0.8_@atcute+client@2.0.4",
    "npm:@atcute/client@^2.0.4": "2.0.4",
    "npm:@octokit/webhooks-types@^7.6.1": "7.6.1",
    "npm:@skyware/jetstream@0.2": "0.2.0",
    "npm:path-to-regexp@6.2.1": "6.2.1"
  },
  "jsr": {
    "@oak/commons@1.0.0": {
      "integrity": "49805b55603c3627a9d6235c0655aa2b6222d3036b3a13ff0380c16368f607ac",
      "dependencies": [
        "jsr:@std/assert",
        "jsr:@std/bytes@1",
        "jsr:@std/crypto@1",
        "jsr:@std/encoding@1",
        "jsr:@std/http",
        "jsr:@std/media-types"
      ]
    },
    "@oak/oak@17.1.3": {
      "integrity": "d89296c22db91681dd3a2a1e1fd14e258d0d5a9654de55637aee5b661c159f33",
      "dependencies": [
        "jsr:@oak/commons@1",
        "jsr:@std/assert",
        "jsr:@std/bytes@1",
        "jsr:@std/crypto@1",
        "jsr:@std/http",
        "jsr:@std/io",
        "jsr:@std/media-types",
        "jsr:@std/path",
        "npm:path-to-regexp"
      ]
    },
    "@openai/openai@4.71.1": {
      "integrity": "423ac293a35b9bac45c4bad0753f0ecb4462a568761f5131314686c42e5deaf2"
    },
    "@std/assert@1.0.7": {
      "integrity": "64ce9fac879e0b9f3042a89b3c3f8ccfc9c984391af19e2087513a79d73e28c3",
      "dependencies": [
        "jsr:@std/internal"
      ]
    },
    "@std/bytes@1.0.3": {
      "integrity": "e5d5b9e685966314e4edb4be60dfc4bd7624a075bfd4ec8109252b4320f76452"
    },
    "@std/crypto@1.0.3": {
      "integrity": "a2a32f51ddef632d299e3879cd027c630dcd4d1d9a5285d6e6788072f4e51e7f"
    },
    "@std/encoding@1.0.5": {
      "integrity": "ecf363d4fc25bd85bd915ff6733a7e79b67e0e7806334af15f4645c569fefc04"
    },
    "@std/http@1.0.9": {
      "integrity": "d409fc319a5e8d4a154e576c758752e9700282d74f31357a12fec6420f9ecb6c",
      "dependencies": [
        "jsr:@std/encoding@^1.0.5"
      ]
    },
    "@std/internal@1.0.5": {
      "integrity": "54a546004f769c1ac9e025abd15a76b6671ddc9687e2313b67376125650dc7ba"
    },
    "@std/io@0.224.9": {
      "integrity": "4414664b6926f665102e73c969cfda06d2c4c59bd5d0c603fd4f1b1c840d6ee3",
      "dependencies": [
        "jsr:@std/bytes@^1.0.2"
      ]
    },
    "@std/media-types@1.0.3": {
      "integrity": "b12d30a7852f7578f4d210622df713bbfd1cbdd9b4ec2eaf5c1845ab70bab159"
    },
    "@std/path@1.0.8": {
      "integrity": "548fa456bb6a04d3c1a1e7477986b6cffbce95102d0bb447c67c4ee70e0364be"
    },
    "@std/uuid@1.0.4": {
      "integrity": "f4233149cc8b4753cc3763fd83a7c4101699491f55c7be78dc7b30281946d7a0",
      "dependencies": [
        "jsr:@std/bytes@^1.0.2",
        "jsr:@std/crypto@^1.0.3"
      ]
    }
  },
  "npm": {
    "@atcute/bluesky@1.0.8_@atcute+client@2.0.4": {
      "integrity": "sha512-XqAZHYh65ZyBBT5rRkEhP656THYaY6CE+EY0AZXkIDaXJNdIl9KINZW5dnSrVWifspJbM+gUw1QFlCv8Yrx01g==",
      "dependencies": [
        "@atcute/client"
      ]
    },
    "@atcute/client@2.0.4": {
      "integrity": "sha512-bKA6KEOmrdhU2CDRNp13M4WyKN0EdrVLKJffzPo62ANSTMacz5hRJhmvQYwuo7BZSGIoDql4sH+QR6Xbk3DERg=="
    },
    "@octokit/webhooks-types@7.6.1": {
      "integrity": "sha512-S8u2cJzklBC0FgTwWVLaM8tMrDuDMVE4xiTK4EYXM9GntyvrdbSoxqDQa+Fh57CCNApyIpyeqPhhFEmHPfrXgw=="
    },
    "@skyware/jetstream@0.2.0": {
      "integrity": "sha512-nydEVe47fc3Cn9yLjk0Tos05pB4PYVOXno8RKlf0QguJUF48ASKx9xA4jUHqEI1dk2oHuHWoXpo9ic+RIgk6yw==",
      "dependencies": [
        "@atcute/bluesky",
        "partysocket"
      ]
    },
    "event-target-shim@6.0.2": {
      "integrity": "sha512-8q3LsZjRezbFZ2PN+uP+Q7pnHUMmAOziU2vA2OwoFaKIXxlxl38IylhSSgUorWu/rf4er67w0ikBqjBFk/pomA=="
    },
    "partysocket@1.0.2": {
      "integrity": "sha512-rAFOUKImaq+VBk2B+2RTBsWEvlnarEP53nchoUHzpVs8V6fG2/estihOTslTQUWHVuHEKDL5k8htG8K3TngyFA==",
      "dependencies": [
        "event-target-shim"
      ]
    },
    "path-to-regexp@6.2.1": {
      "integrity": "sha512-JLyh7xT1kizaEvcaXOQwOc2/Yhw6KZOvPf1S8401UyLk86CU79LN3vl7ztXGm/pZ+YjoyAJ4rxmHwbkBXJX+yw=="
    }
  },
  "redirects": {
    "https://deno.land/x/ts_prometheus/mod.ts": "https://deno.land/x/ts_prometheus@v0.3.0/mod.ts"
  },
  "remote": {
    "https://deno.land/x/sqlite@v3.8/build/sqlite.js": "72f63689fffcb9bb5ae10b1e8f7db09ea845cdf713e0e3a9693d8416a28f92a6",
    "https://deno.land/x/sqlite@v3.8/build/vfs.js": "08533cc78fb29b9d9bd62f6bb93e5ef333407013fed185776808f11223ba0e70",
    "https://deno.land/x/sqlite@v3.8/mod.ts": "e09fc79d8065fe222578114b109b1fd60077bff1bb75448532077f784f4d6a83",
    "https://deno.land/x/sqlite@v3.8/src/constants.ts": "90f3be047ec0a89bcb5d6fc30db121685fc82cb00b1c476124ff47a4b0472aa9",
    "https://deno.land/x/sqlite@v3.8/src/db.ts": "7d3251021756fa80f382c3952217c7446c5c8c1642b63511da0938fe33562663",
    "https://deno.land/x/sqlite@v3.8/src/error.ts": "f7a15cb00d7c3797da1aefee3cf86d23e0ae92e73f0ba3165496c3816ab9503a",
    "https://deno.land/x/sqlite@v3.8/src/function.ts": "e4c83b8ec64bf88bafad2407376b0c6a3b54e777593c70336fb40d43a79865f2",
    "https://deno.land/x/sqlite@v3.8/src/query.ts": "d58abda928f6582d77bad685ecf551b1be8a15e8e38403e293ec38522e030cad",
    "https://deno.land/x/sqlite@v3.8/src/wasm.ts": "e79d0baa6e42423257fb3c7cc98091c54399254867e0f34a09b5bdef37bd9487",
    "https://deno.land/x/sqlite@v3.9.1/build/sqlite.js": "2afc7875c7b9c85d89730c4a311ab3a304e5d1bf761fbadd8c07bbdf130f5f9b",
    "https://deno.land/x/sqlite@v3.9.1/build/vfs.js": "7f7778a9fe499cd10738d6e43867340b50b67d3e39142b0065acd51a84cd2e03",
    "https://deno.land/x/sqlite@v3.9.1/mod.ts": "e09fc79d8065fe222578114b109b1fd60077bff1bb75448532077f784f4d6a83",
    "https://deno.land/x/sqlite@v3.9.1/src/constants.ts": "90f3be047ec0a89bcb5d6fc30db121685fc82cb00b1c476124ff47a4b0472aa9",
    "https://deno.land/x/sqlite@v3.9.1/src/db.ts": "03d0c860957496eadedd86e51a6e650670764630e64f56df0092e86c90752401",
    "https://deno.land/x/sqlite@v3.9.1/src/error.ts": "f7a15cb00d7c3797da1aefee3cf86d23e0ae92e73f0ba3165496c3816ab9503a",
    "https://deno.land/x/sqlite@v3.9.1/src/function.ts": "bc778cab7a6d771f690afa27264c524d22fcb96f1bb61959ade7922c15a4ab8d",
    "https://deno.land/x/sqlite@v3.9.1/src/query.ts": "d58abda928f6582d77bad685ecf551b1be8a15e8e38403e293ec38522e030cad",
    "https://deno.land/x/sqlite@v3.9.1/src/wasm.ts": "e79d0baa6e42423257fb3c7cc98091c54399254867e0f34a09b5bdef37bd9487",
    "https://deno.land/x/ts_prometheus@v0.3.0/collector.ts": "12305e262e60de3b9b2db22670f95e388b6f4c0ff8da0fdbaf4cd4758bb5b1b6",
    "https://deno.land/x/ts_prometheus@v0.3.0/counter.ts": "c6a03fc6ceb732a70728e2633a6781f607615c5ce5e6ee46fdff34b37bde0ef5",
    "https://deno.land/x/ts_prometheus@v0.3.0/gauge.ts": "d2d3b79df3fae07652ee3b72c118cf6e96c834c82c81eb2ebf52e8f136b24fa5",
    "https://deno.land/x/ts_prometheus@v0.3.0/histogram.ts": "7585024285ef52b29054adc02d480f5ac4595e0037a8ad5bd1d75ddc205a3fd0",
    "https://deno.land/x/ts_prometheus@v0.3.0/metric.ts": "c7635f8b4ec92742e01244712bb8264c32ce91c03f3a8332b9119926dab027cb",
    "https://deno.land/x/ts_prometheus@v0.3.0/mod.ts": "9fef6a6c301da262dfa38d111cb4011e96d0c6b1c9f1a233526506c8ce8723bb",
    "https://deno.land/x/ts_prometheus@v0.3.0/registry.ts": "b7d4b4b6e008d7ffb8b4acff6a1a56b27463bfb4ecec4f0455562187f7941891",
    "https://deno.land/x/ts_prometheus@v0.3.0/summary.ts": "d1ef0341e265fa8d2a2bc42e8d732428d8aadbfa0f60ce4c2baa0486910590df"
  },
  "workspace": {
    "dependencies": [
      "jsr:@oak/oak@^17.1.3",
      "jsr:@std/assert@1",
      "npm:@atcute/bluesky@^1.0.8",
      "npm:@atcute/client@^2.0.4",
      "npm:@octokit/webhooks-types@^7.6.1",
      "npm:@skyware/jetstream@0.2"
    ]
  }
}
